
Microsoft Visual Studio Solution File, Format Version 12.00
# Visual Studio 15
VisualStudioVersion = 15.0.28307.271
MinimumVisualStudioVersion = 10.0.40219.1
Project("{8BC9CEB8-8B4A-11D0-8D11-00A0C91BC942}") = "SimpleApp", "SimpleApp\SimpleApp.vcxproj", "{C7189563-29B1-4A0F-85DA-B93B8031D602}"
EndProject
Project("{8BC9CEB8-8B4A-11D0-8D11-00A0C91BC942}") = "chapter-6-drill", "chapter-6-drill\chapter-6-drill.vcxproj", "{948025C8-9F2C-4539-8D9F-B312E2F08A0D}"
EndProject
Project("{8BC9CEB8-8B4A-11D0-8D11-00A0C91BC942}") = "chapter-7-drill", "chapter-7-drill\chapter-7-drill.vcxproj", "{39217D70-6E5D-479B-A718-4C2E33968E74}"
EndProject
Project("{8BC9CEB8-8B4A-11D0-8D11-00A0C91BC942}") = "chapter-10-drill", "chapter-10-drill\chapter-10-drill.vcxproj", "{6FCA82E0-C855-48AB-899C-A7293C9BC98B}"
EndProject
Project("{8BC9CEB8-8B4A-11D0-8D11-00A0C91BC942}") = "chapter-11-drill", "chapter-11-drill\chapter-11-drill.vcxproj", "{AA7F5286-5D3F-4D2E-98C6-9ED24AAC36A8}"
EndProject
Project("{8BC9CEB8-8B4A-11D0-8D11-00A0C91BC942}") = "chapter-17-drill", "chapter-17-drill\chapter-17-drill.vcxproj", "{29F51172-22A4-4C8B-B726-8CA5AFBDE3C8}"
EndProject
Global
	GlobalSection(SolutionConfigurationPlatforms) = preSolution
		Debug|x64 = Debug|x64
		Debug|x86 = Debug|x86
		Release|x64 = Release|x64
		Release|x86 = Release|x86
	EndGlobalSection
	GlobalSection(ProjectConfigurationPlatforms) = postSolution
		{C7189563-29B1-4A0F-85DA-B93B8031D602}.Debug|x64.ActiveCfg = Debug|x64
		{C7189563-29B1-4A0F-85DA-B93B8031D602}.Debug|x64.Build.0 = Debug|x64
		{C7189563-29B1-4A0F-85DA-B93B8031D602}.Debug|x86.ActiveCfg = Debug|Win32
		{C7189563-29B1-4A0F-85DA-B93B8031D602}.Debug|x86.Build.0 = Debug|Win32
		{C7189563-29B1-4A0F-85DA-B93B8031D602}.Release|x64.ActiveCfg = Release|x64
		{C7189563-29B1-4A0F-85DA-B93B8031D602}.Release|x64.Build.0 = Release|x64
		{C7189563-29B1-4A0F-85DA-B93B8031D602}.Release|x86.ActiveCfg = Release|Win32
		{C7189563-29B1-4A0F-85DA-B93B8031D602}.Release|x86.Build.0 = Release|Win32
		{948025C8-9F2C-4539-8D9F-B312E2F08A0D}.Debug|x64.ActiveCfg = Debug|x64
		{948025C8-9F2C-4539-8D9F-B312E2F08A0D}.Debug|x64.Build.0 = Debug|x64
		{948025C8-9F2C-4539-8D9F-B312E2F08A0D}.Debug|x86.ActiveCfg = Debug|Win32
		{948025C8-9F2C-4539-8D9F-B312E2F08A0D}.Debug|x86.Build.0 = Debug|Win32
		{948025C8-9F2C-4539-8D9F-B312E2F08A0D}.Release|x64.ActiveCfg = Release|x64
		{948025C8-9F2C-4539-8D9F-B312E2F08A0D}.Release|x64.Build.0 = Release|x64
		{948025C8-9F2C-4539-8D9F-B312E2F08A0D}.Release|x86.ActiveCfg = Release|Win32
		{948025C8-9F2C-4539-8D9F-B312E2F08A0D}.Release|x86.Build.0 = Release|Win32
		{39217D70-6E5D-479B-A718-4C2E33968E74}.Debug|x64.ActiveCfg = Debug|x64
		{39217D70-6E5D-479B-A718-4C2E33968E74}.Debug|x64.Build.0 = Debug|x64
		{39217D70-6E5D-479B-A718-4C2E33968E74}.Debug|x86.ActiveCfg = Debug|Win32
		{39217D70-6E5D-479B-A718-4C2E33968E74}.Debug|x86.Build.0 = Debug|Win32
		{39217D70-6E5D-479B-A718-4C2E33968E74}.Release|x64.ActiveCfg = Release|x64
		{39217D70-6E5D-479B-A718-4C2E33968E74}.Release|x64.Build.0 = Release|x64
		{39217D70-6E5D-479B-A718-4C2E33968E74}.Release|x86.ActiveCfg = Release|Win32
		{39217D70-6E5D-479B-A718-4C2E33968E74}.Release|x86.Build.0 = Release|Win32
		{6FCA82E0-C855-48AB-899C-A7293C9BC98B}.Debug|x64.ActiveCfg = Debug|x64
		{6FCA82E0-C855-48AB-899C-A7293C9BC98B}.Debug|x64.Build.0 = Debug|x64
		{6FCA82E0-C855-48AB-899C-A7293C9BC98B}.Debug|x86.ActiveCfg = Debug|Win32
		{6FCA82E0-C855-48AB-899C-A7293C9BC98B}.Debug|x86.Build.0 = Debug|Win32
		{6FCA82E0-C855-48AB-899C-A7293C9BC98B}.Release|x64.ActiveCfg = Release|x64
		{6FCA82E0-C855-48AB-899C-A7293C9BC98B}.Release|x64.Build.0 = Release|x64
		{6FCA82E0-C855-48AB-899C-A7293C9BC98B}.Release|x86.ActiveCfg = Release|Win32
		{6FCA82E0-C855-48AB-899C-A7293C9BC98B}.Release|x86.Build.0 = Release|Win32
		{AA7F5286-5D3F-4D2E-98C6-9ED24AAC36A8}.Debug|x64.ActiveCfg = Debug|x64
		{AA7F5286-5D3F-4D2E-98C6-9ED24AAC36A8}.Debug|x64.Build.0 = Debug|x64
		{AA7F5286-5D3F-4D2E-98C6-9ED24AAC36A8}.Debug|x86.ActiveCfg = Debug|Win32
		{AA7F5286-5D3F-4D2E-98C6-9ED24AAC36A8}.Debug|x86.Build.0 = Debug|Win32
		{AA7F5286-5D3F-4D2E-98C6-9ED24AAC36A8}.Release|x64.ActiveCfg = Release|x64
		{AA7F5286-5D3F-4D2E-98C6-9ED24AAC36A8}.Release|x64.Build.0 = Release|x64
		{AA7F5286-5D3F-4D2E-98C6-9ED24AAC36A8}.Release|x86.ActiveCfg = Release|Win32
		{AA7F5286-5D3F-4D2E-98C6-9ED24AAC36A8}.Release|x86.Build.0 = Release|Win32
		{29F51172-22A4-4C8B-B726-8CA5AFBDE3C8}.Debug|x64.ActiveCfg = Debug|x64
		{29F51172-22A4-4C8B-B726-8CA5AFBDE3C8}.Debug|x64.Build.0 = Debug|x64
		{29F51172-22A4-4C8B-B726-8CA5AFBDE3C8}.Debug|x86.ActiveCfg = Debug|Win32
		{29F51172-22A4-4C8B-B726-8CA5AFBDE3C8}.Debug|x86.Build.0 = Debug|Win32
		{29F51172-22A4-4C8B-B726-8CA5AFBDE3C8}.Release|x64.ActiveCfg = Release|x64
		{29F51172-22A4-4C8B-B726-8CA5AFBDE3C8}.Release|x64.Build.0 = Release|x64
		{29F51172-22A4-4C8B-B726-8CA5AFBDE3C8}.Release|x86.ActiveCfg = Release|Win32
		{29F51172-22A4-4C8B-B726-8CA5AFBDE3C8}.Release|x86.Build.0 = Release|Win32
	EndGlobalSection
	GlobalSection(SolutionProperties) = preSolution
		HideSolutionNode = FALSE
	EndGlobalSection
	GlobalSection(ExtensibilityGlobals) = postSolution
		SolutionGuid = {B37FBA39-ADC7-41EC-8AB9-3846DD873A4C}
	EndGlobalSection
EndGlobal
